
Microsoft Visual Studio Solution File, Format Version 12.00
# Visual Studio Version 16
VisualStudioVersion = 16.0.31424.327
MinimumVisualStudioVersion = 10.0.40219.1
Project("{FAE04EC0-301F-11D3-BF4B-00C04F79EFBC}") = "CodeFirst", "CodeFirst\CodeFirst.csproj", "{2CC72C0C-7E9B-49D4-AF30-188845A00375}"
EndProject
Global
	GlobalSection(SolutionConfigurationPlatforms) = preSolution
		Debug|Any CPU = Debug|Any CPU
		Release|Any CPU = Release|Any CPU
	EndGlobalSection
	GlobalSection(ProjectConfigurationPlatforms) = postSolution
		{2CC72C0C-7E9B-49D4-AF30-188845A00375}.Debug|Any CPU.ActiveCfg = Debug|Any CPU
		{2CC72C0C-7E9B-49D4-AF30-188845A00375}.Debug|Any CPU.Build.0 = Debug|Any CPU
		{2CC72C0C-7E9B-49D4-AF30-188845A00375}.Release|Any CPU.ActiveCfg = Release|Any CPU
		{2CC72C0C-7E9B-49D4-AF30-188845A00375}.Release|Any CPU.Build.0 = Release|Any CPU
	EndGlobalSection
	GlobalSection(SolutionProperties) = preSolution
		HideSolutionNode = FALSE
	EndGlobalSection
	GlobalSection(ExtensibilityGlobals) = postSolution
		SolutionGuid = {9E9BB54A-EA1B-4AD7-85CB-9BE9E27DF07E}
	EndGlobalSection
EndGlobal
